
Microsoft Visual Studio Solution File, Format Version 12.00
# Visual Studio 14
VisualStudioVersion = 14.0.25420.1
MinimumVisualStudioVersion = 10.0.40219.1
Project("{FAE04EC0-301F-11D3-BF4B-00C04F79EFBC}") = "Projecto-PrograVI-MVC", "Projecto-PrograVI-MVC\Projecto-PrograVI-MVC.csproj", "{682C8ED8-604A-4FF9-B8FF-013D5E3C49FA}"
EndProject
Project("{FAE04EC0-301F-11D3-BF4B-00C04F79EFBC}") = "WindowsService", "WindowsService\WindowsService.csproj", "{4E3D621A-4FE0-47C5-8097-0E6933067169}"
EndProject
Global
	GlobalSection(SolutionConfigurationPlatforms) = preSolution
		Debug|Any CPU = Debug|Any CPU
		Release|Any CPU = Release|Any CPU
	EndGlobalSection
	GlobalSection(ProjectConfigurationPlatforms) = postSolution
		{682C8ED8-604A-4FF9-B8FF-013D5E3C49FA}.Debug|Any CPU.ActiveCfg = Debug|Any CPU
		{682C8ED8-604A-4FF9-B8FF-013D5E3C49FA}.Debug|Any CPU.Build.0 = Debug|Any CPU
		{682C8ED8-604A-4FF9-B8FF-013D5E3C49FA}.Release|Any CPU.ActiveCfg = Release|Any CPU
		{682C8ED8-604A-4FF9-B8FF-013D5E3C49FA}.Release|Any CPU.Build.0 = Release|Any CPU
		{4E3D621A-4FE0-47C5-8097-0E6933067169}.Debug|Any CPU.ActiveCfg = Debug|Any CPU
		{4E3D621A-4FE0-47C5-8097-0E6933067169}.Debug|Any CPU.Build.0 = Debug|Any CPU
		{4E3D621A-4FE0-47C5-8097-0E6933067169}.Release|Any CPU.ActiveCfg = Release|Any CPU
		{4E3D621A-4FE0-47C5-8097-0E6933067169}.Release|Any CPU.Build.0 = Release|Any CPU
	EndGlobalSection
	GlobalSection(SolutionProperties) = preSolution
		HideSolutionNode = FALSE
	EndGlobalSection
EndGlobal
